
Microsoft Visual Studio Solution File, Format Version 12.00
Project("{FAE04EC0-301F-11D3-BF4B-00C04F79EFBC}") = "ifs-coding", "ifs-coding\ifs-coding.csproj", "{F5251DE6-482A-4EB1-832B-2AF07480ECB3}"
EndProject
Project("{FAE04EC0-301F-11D3-BF4B-00C04F79EFBC}") = "ifs-coding-tests", "ifs-coding-tests\ifs-coding-tests.csproj", "{9E4AFF81-A224-4C23-9BE1-62662B4FD41D}"
EndProject
Global
	GlobalSection(SolutionConfigurationPlatforms) = preSolution
		Debug|Any CPU = Debug|Any CPU
		Release|Any CPU = Release|Any CPU
	EndGlobalSection
	GlobalSection(ProjectConfigurationPlatforms) = postSolution
		{F5251DE6-482A-4EB1-832B-2AF07480ECB3}.Debug|Any CPU.ActiveCfg = Debug|Any CPU
		{F5251DE6-482A-4EB1-832B-2AF07480ECB3}.Debug|Any CPU.Build.0 = Debug|Any CPU
		{F5251DE6-482A-4EB1-832B-2AF07480ECB3}.Release|Any CPU.ActiveCfg = Release|Any CPU
		{F5251DE6-482A-4EB1-832B-2AF07480ECB3}.Release|Any CPU.Build.0 = Release|Any CPU
		{9E4AFF81-A224-4C23-9BE1-62662B4FD41D}.Debug|Any CPU.ActiveCfg = Debug|Any CPU
		{9E4AFF81-A224-4C23-9BE1-62662B4FD41D}.Debug|Any CPU.Build.0 = Debug|Any CPU
		{9E4AFF81-A224-4C23-9BE1-62662B4FD41D}.Release|Any CPU.ActiveCfg = Release|Any CPU
		{9E4AFF81-A224-4C23-9BE1-62662B4FD41D}.Release|Any CPU.Build.0 = Release|Any CPU
	EndGlobalSection
EndGlobal
